
Microsoft Visual Studio Solution File, Format Version 12.00
# Visual Studio Version 17
VisualStudioVersion = 17.7.34202.233
MinimumVisualStudioVersion = 10.0.40219.1
Project("{FAE04EC0-301F-11D3-BF4B-00C04F79EFBC}") = "HastaneRandevuSistemi", "HastaneRandevuSistemi.csproj", "{6DB7F4A7-5977-4E92-A31F-A15B7CF8E1BB}"
EndProject
Global
	GlobalSection(SolutionConfigurationPlatforms) = preSolution
		Debug|Any CPU = Debug|Any CPU
		Release|Any CPU = Release|Any CPU
	EndGlobalSection
	GlobalSection(ProjectConfigurationPlatforms) = postSolution
		{6DB7F4A7-5977-4E92-A31F-A15B7CF8E1BB}.Debug|Any CPU.ActiveCfg = Debug|Any CPU
		{6DB7F4A7-5977-4E92-A31F-A15B7CF8E1BB}.Debug|Any CPU.Build.0 = Debug|Any CPU
		{6DB7F4A7-5977-4E92-A31F-A15B7CF8E1BB}.Release|Any CPU.ActiveCfg = Release|Any CPU
		{6DB7F4A7-5977-4E92-A31F-A15B7CF8E1BB}.Release|Any CPU.Build.0 = Release|Any CPU
	EndGlobalSection
	GlobalSection(SolutionProperties) = preSolution
		HideSolutionNode = FALSE
	EndGlobalSection
	GlobalSection(ExtensibilityGlobals) = postSolution
		SolutionGuid = {97E59693-C9C3-424E-B700-D2B0AC358A8F}
	EndGlobalSection
EndGlobal
